
Microsoft Visual Studio Solution File, Format Version 12.00
# Visual Studio Version 16
VisualStudioVersion = 16.0.29025.244
MinimumVisualStudioVersion = 10.0.40219.1
Project("{FAE04EC0-301F-11D3-BF4B-00C04F79EFBC}") = "Test OOP", "Test OOP\Test OOP.csproj", "{9F8B8033-32E8-4E7F-AAB3-327F9AB276C7}"
EndProject
Global
	GlobalSection(SolutionConfigurationPlatforms) = preSolution
		Debug|Any CPU = Debug|Any CPU
		Release|Any CPU = Release|Any CPU
	EndGlobalSection
	GlobalSection(ProjectConfigurationPlatforms) = postSolution
		{9F8B8033-32E8-4E7F-AAB3-327F9AB276C7}.Debug|Any CPU.ActiveCfg = Debug|Any CPU
		{9F8B8033-32E8-4E7F-AAB3-327F9AB276C7}.Debug|Any CPU.Build.0 = Debug|Any CPU
		{9F8B8033-32E8-4E7F-AAB3-327F9AB276C7}.Release|Any CPU.ActiveCfg = Release|Any CPU
		{9F8B8033-32E8-4E7F-AAB3-327F9AB276C7}.Release|Any CPU.Build.0 = Release|Any CPU
	EndGlobalSection
	GlobalSection(SolutionProperties) = preSolution
		HideSolutionNode = FALSE
	EndGlobalSection
	GlobalSection(ExtensibilityGlobals) = postSolution
		SolutionGuid = {E838A34E-EF60-48EF-8339-B12F1C901E0D}
	EndGlobalSection
EndGlobal
